Microsoft Visual Studio Solution File, Format Version 11.00
# Visual Studio 2010
Project("{E097FAD1-6243-4DAD-9C02-E9B9EFC3FFC1}") = "Assembly-CSharp", "Assembly-CSharp.csproj", "{2B9B6028-AFE3-F7C1-E707-D41C2CA5236D}"
EndProject
Project("{E097FAD1-6243-4DAD-9C02-E9B9EFC3FFC1}") = "Assembly-CSharp-Editor", "Assembly-CSharp-Editor.csproj", "{208BC2C3-8DDF-C8CC-3490-6182F2D85710}"
EndProject
Global
	GlobalSection(SolutionConfigurationPlatforms) = preSolution
		Debug|Any CPU = Debug|Any CPU
		Release|Any CPU = Release|Any CPU
	EndGlobalSection
	GlobalSection(ProjectConfigurationPlatforms) = postSolution
		{2B9B6028-AFE3-F7C1-E707-D41C2CA5236D}.Debug|Any CPU.ActiveCfg = Debug|Any CPU
		{2B9B6028-AFE3-F7C1-E707-D41C2CA5236D}.Debug|Any CPU.Build.0 = Debug|Any CPU
		{2B9B6028-AFE3-F7C1-E707-D41C2CA5236D}.Release|Any CPU.ActiveCfg = Release|Any CPU
		{2B9B6028-AFE3-F7C1-E707-D41C2CA5236D}.Release|Any CPU.Build.0 = Release|Any CPU
		{208BC2C3-8DDF-C8CC-3490-6182F2D85710}.Debug|Any CPU.ActiveCfg = Debug|Any CPU
		{208BC2C3-8DDF-C8CC-3490-6182F2D85710}.Debug|Any CPU.Build.0 = Debug|Any CPU
		{208BC2C3-8DDF-C8CC-3490-6182F2D85710}.Release|Any CPU.ActiveCfg = Release|Any CPU
		{208BC2C3-8DDF-C8CC-3490-6182F2D85710}.Release|Any CPU.Build.0 = Release|Any CPU
	EndGlobalSection
	GlobalSection(SolutionProperties) = preSolution
		HideSolutionNode = FALSE
	EndGlobalSection
	GlobalSection(MonoDevelopProperties) = preSolution
		StartupItem = Assembly-CSharp.csproj
	EndGlobalSection
EndGlobal
